
Microsoft Visual Studio Solution File, Format Version 12.00
# Visual Studio Version 16
VisualStudioVersion = 16.0.33130.400
MinimumVisualStudioVersion = 10.0.40219.1
Project("{FAE04EC0-301F-11D3-BF4B-00C04F79EFBC}") = "Mission08_3-12", "Mission08_3-12.csproj", "{99C5722B-43F6-424B-81BD-B3DD3B6BE946}"
EndProject
Global
	GlobalSection(SolutionConfigurationPlatforms) = preSolution
		Debug|Any CPU = Debug|Any CPU
		Release|Any CPU = Release|Any CPU
	EndGlobalSection
	GlobalSection(ProjectConfigurationPlatforms) = postSolution
		{99C5722B-43F6-424B-81BD-B3DD3B6BE946}.Debug|Any CPU.ActiveCfg = Debug|Any CPU
		{99C5722B-43F6-424B-81BD-B3DD3B6BE946}.Debug|Any CPU.Build.0 = Debug|Any CPU
		{99C5722B-43F6-424B-81BD-B3DD3B6BE946}.Release|Any CPU.ActiveCfg = Release|Any CPU
		{99C5722B-43F6-424B-81BD-B3DD3B6BE946}.Release|Any CPU.Build.0 = Release|Any CPU
	EndGlobalSection
	GlobalSection(SolutionProperties) = preSolution
		HideSolutionNode = FALSE
	EndGlobalSection
	GlobalSection(ExtensibilityGlobals) = postSolution
		SolutionGuid = {2C7ED9C4-24AC-47FC-9852-16CE0D17B898}
	EndGlobalSection
EndGlobal
